
Microsoft Visual Studio Solution File, Format Version 12.00
# Visual Studio 14
VisualStudioVersion = 14.0.25123.0
MinimumVisualStudioVersion = 10.0.40219.1
Project("{FAE04EC0-301F-11D3-BF4B-00C04F79EFBC}") = "XFormsWinRTLocalization.Droid", "XFormsWinRTLocalization\XFormsWinRTLocalization.Droid\XFormsWinRTLocalization.Droid.csproj", "{C4EC6305-8683-445A-B583-CC5D5A9111CC}"
EndProject
Project("{FAE04EC0-301F-11D3-BF4B-00C04F79EFBC}") = "XFormsWinRTLocalization.iOS", "XFormsWinRTLocalization\XFormsWinRTLocalization.iOS\XFormsWinRTLocalization.iOS.csproj", "{F5258714-BBF8-4A5C-B47E-E819250DB033}"
EndProject
Project("{FAE04EC0-301F-11D3-BF4B-00C04F79EFBC}") = "XFormsWinRTLocalization.WinPhone", "XFormsWinRTLocalization\XFormsWinRTLocalization.WinPhone\XFormsWinRTLocalization.WinPhone.csproj", "{C446C8B1-BDC8-4EC1-9CC7-DF03871DA2AA}"
EndProject
Project("{FAE04EC0-301F-11D3-BF4B-00C04F79EFBC}") = "XFormsWinRTLocalization.UWP", "XFormsWinRTLocalization\XFormsWinRTLocalization.UWP\XFormsWinRTLocalization.UWP.csproj", "{53858E13-6541-4569-A4A4-0109779AA8FF}"
EndProject
Project("{FAE04EC0-301F-11D3-BF4B-00C04F79EFBC}") = "XFormsWinRTLocalization.Windows", "XFormsWinRTLocalization\XFormsWinRTLocalization.Windows\XFormsWinRTLocalization.Windows.csproj", "{A716E61F-1127-4B11-AABA-9D67C003D0FF}"
EndProject
Project("{FAE04EC0-301F-11D3-BF4B-00C04F79EFBC}") = "XFormsWinRTLocalization", "XFormsWinRTLocalization\XFormsWinRTLocalization\XFormsWinRTLocalization.csproj", "{4EF6CED4-A4A1-4B17-BF90-FA0A807DCA5D}"
EndProject
Project("{2150E333-8FDC-42A3-9474-1A3956D46DE8}") = "Solution Items", "Solution Items", "{4E6F1DD8-2D22-401A-A4D6-17C7DF6F9B88}"
	ProjectSection(SolutionItems) = preProject
		.gitattributes = .gitattributes
		.gitignore = .gitignore
		Hystorical notes.txt = Hystorical notes.txt
		README.md = README.md
	EndProjectSection
EndProject
Global
	GlobalSection(SolutionConfigurationPlatforms) = preSolution
		Ad-Hoc|Any CPU = Ad-Hoc|Any CPU
		Ad-Hoc|ARM = Ad-Hoc|ARM
		Ad-Hoc|iPhone = Ad-Hoc|iPhone
		Ad-Hoc|iPhoneSimulator = Ad-Hoc|iPhoneSimulator
		Ad-Hoc|x64 = Ad-Hoc|x64
		Ad-Hoc|x86 = Ad-Hoc|x86
		AppStore|Any CPU = AppStore|Any CPU
		AppStore|ARM = AppStore|ARM
		AppStore|iPhone = AppStore|iPhone
		AppStore|iPhoneSimulator = AppStore|iPhoneSimulator
		AppStore|x64 = AppStore|x64
		AppStore|x86 = AppStore|x86
		Debug|Any CPU = Debug|Any CPU
		Debug|ARM = Debug|ARM
		Debug|iPhone = Debug|iPhone
		Debug|iPhoneSimulator = Debug|iPhoneSimulator
		Debug|x64 = Debug|x64
		Debug|x86 = Debug|x86
		Release|Any CPU = Release|Any CPU
		Release|ARM = Release|ARM
		Release|iPhone = Release|iPhone
		Release|iPhoneSimulator = Release|iPhoneSimulator
		Release|x64 = Release|x64
		Release|x86 = Release|x86
	EndGlobalSection
	GlobalSection(ProjectConfigurationPlatforms) = postSolution
		{C4EC6305-8683-445A-B583-CC5D5A9111CC}.Ad-Hoc|Any CPU.ActiveCfg = Release|Any CPU
		{C4EC6305-8683-445A-B583-CC5D5A9111CC}.Ad-Hoc|Any CPU.Build.0 = Release|Any CPU
		{C4EC6305-8683-445A-B583-CC5D5A9111CC}.Ad-Hoc|Any CPU.Deploy.0 = Release|Any CPU
		{C4EC6305-8683-445A-B583-CC5D5A9111CC}.Ad-Hoc|ARM.ActiveCfg = Release|Any CPU
		{C4EC6305-8683-445A-B583-CC5D5A9111CC}.Ad-Hoc|ARM.Build.0 = Release|Any CPU
		{C4EC6305-8683-445A-B583-CC5D5A9111CC}.Ad-Hoc|ARM.Deploy.0 = Release|Any CPU
		{C4EC6305-8683-445A-B583-CC5D5A9111CC}.Ad-Hoc|iPhone.ActiveCfg = Release|Any CPU
		{C4EC6305-8683-445A-B583-CC5D5A9111CC}.Ad-Hoc|iPhone.Build.0 = Release|Any CPU
		{C4EC6305-8683-445A-B583-CC5D5A9111CC}.Ad-Hoc|iPhone.Deploy.0 = Release|Any CPU
		{C4EC6305-8683-445A-B583-CC5D5A9111CC}.Ad-Hoc|iPhoneSimulator.ActiveCfg = Release|Any CPU
		{C4EC6305-8683-445A-B583-CC5D5A9111CC}.Ad-Hoc|iPhoneSimulator.Build.0 = Release|Any CPU
		{C4EC6305-8683-445A-B583-CC5D5A9111CC}.Ad-Hoc|iPhoneSimulator.Deploy.0 = Release|Any CPU
		{C4EC6305-8683-445A-B583-CC5D5A9111CC}.Ad-Hoc|x64.ActiveCfg = Release|Any CPU
		{C4EC6305-8683-445A-B583-CC5D5A9111CC}.Ad-Hoc|x64.Build.0 = Release|Any CPU
		{C4EC6305-8683-445A-B583-CC5D5A9111CC}.Ad-Hoc|x64.Deploy.0 = Release|Any CPU
		{C4EC6305-8683-445A-B583-CC5D5A9111CC}.Ad-Hoc|x86.ActiveCfg = Release|Any CPU
		{C4EC6305-8683-445A-B583-CC5D5A9111CC}.Ad-Hoc|x86.Build.0 = Release|Any CPU
		{C4EC6305-8683-445A-B583-CC5D5A9111CC}.Ad-Hoc|x86.Deploy.0 = Release|Any CPU
		{C4EC6305-8683-445A-B583-CC5D5A9111CC}.AppStore|Any CPU.ActiveCfg = Release|Any CPU
		{C4EC6305-8683-445A-B583-CC5D5A9111CC}.AppStore|Any CPU.Build.0 = Release|Any CPU
		{C4EC6305-8683-445A-B583-CC5D5A9111CC}.AppStore|Any CPU.Deploy.0 = Release|Any CPU
		{C4EC6305-8683-445A-B583-CC5D5A9111CC}.AppStore|ARM.ActiveCfg = Release|Any CPU
		{C4EC6305-8683-445A-B583-CC5D5A9111CC}.AppStore|ARM.Build.0 = Release|Any CPU
		{C4EC6305-8683-445A-B583-CC5D5A9111CC}.AppStore|ARM.Deploy.0 = Release|Any CPU
		{C4EC6305-8683-445A-B583-CC5D5A9111CC}.AppStore|iPhone.ActiveCfg = Release|Any CPU
		{C4EC6305-8683-445A-B583-CC5D5A9111CC}.AppStore|iPhone.Build.0 = Release|Any CPU
		{C4EC6305-8683-445A-B583-CC5D5A9111CC}.AppStore|iPhone.Deploy.0 = Release|Any CPU
		{C4EC6305-8683-445A-B583-CC5D5A9111CC}.AppStore|iPhoneSimulator.ActiveCfg = Release|Any CPU
		{C4EC6305-8683-445A-B583-CC5D5A9111CC}.AppStore|iPhoneSimulator.Build.0 = Release|Any CPU
		{C4EC6305-8683-445A-B583-CC5D5A9111CC}.AppStore|iPhoneSimulator.Deploy.0 = Release|Any CPU
		{C4EC6305-8683-445A-B583-CC5D5A9111CC}.AppStore|x64.ActiveCfg = Release|Any CPU
		{C4EC6305-8683-445A-B583-CC5D5A9111CC}.AppStore|x64.Build.0 = Release|Any CPU
		{C4EC6305-8683-445A-B583-CC5D5A9111CC}.AppStore|x64.Deploy.0 = Release|Any CPU
		{C4EC6305-8683-445A-B583-CC5D5A9111CC}.AppStore|x86.ActiveCfg = Release|Any CPU
		{C4EC6305-8683-445A-B583-CC5D5A9111CC}.AppStore|x86.Build.0 = Release|Any CPU
		{C4EC6305-8683-445A-B583-CC5D5A9111CC}.AppStore|x86.Deploy.0 = Release|Any CPU
		{C4EC6305-8683-445A-B583-CC5D5A9111CC}.Debug|Any CPU.ActiveCfg = Debug|Any CPU
		{C4EC6305-8683-445A-B583-CC5D5A9111CC}.Debug|Any CPU.Build.0 = Debug|Any CPU
		{C4EC6305-8683-445A-B583-CC5D5A9111CC}.Debug|Any CPU.Deploy.0 = Debug|Any CPU
		{C4EC6305-8683-445A-B583-CC5D5A9111CC}.Debug|ARM.ActiveCfg = Debug|Any CPU
		{C4EC6305-8683-445A-B583-CC5D5A9111CC}.Debug|ARM.Build.0 = Debug|Any CPU
		{C4EC6305-8683-445A-B583-CC5D5A9111CC}.Debug|ARM.Deploy.0 = Debug|Any CPU
		{C4EC6305-8683-445A-B583-CC5D5A9111CC}.Debug|iPhone.ActiveCfg = Debug|Any CPU
		{C4EC6305-8683-445A-B583-CC5D5A9111CC}.Debug|iPhone.Build.0 = Debug|Any CPU
		{C4EC6305-8683-445A-B583-CC5D5A9111CC}.Debug|iPhone.Deploy.0 = Debug|Any CPU
		{C4EC6305-8683-445A-B583-CC5D5A9111CC}.Debug|iPhoneSimulator.ActiveCfg = Debug|Any CPU
		{C4EC6305-8683-445A-B583-CC5D5A9111CC}.Debug|iPhoneSimulator.Build.0 = Debug|Any CPU
		{C4EC6305-8683-445A-B583-CC5D5A9111CC}.Debug|iPhoneSimulator.Deploy.0 = Debug|Any CPU
		{C4EC6305-8683-445A-B583-CC5D5A9111CC}.Debug|x64.ActiveCfg = Debug|Any CPU
		{C4EC6305-8683-445A-B583-CC5D5A9111CC}.Debug|x64.Build.0 = Debug|Any CPU
		{C4EC6305-8683-445A-B583-CC5D5A9111CC}.Debug|x64.Deploy.0 = Debug|Any CPU
		{C4EC6305-8683-445A-B583-CC5D5A9111CC}.Debug|x86.ActiveCfg = Debug|Any CPU
		{C4EC6305-8683-445A-B583-CC5D5A9111CC}.Debug|x86.Build.0 = Debug|Any CPU
		{C4EC6305-8683-445A-B583-CC5D5A9111CC}.Debug|x86.Deploy.0 = Debug|Any CPU
		{C4EC6305-8683-445A-B583-CC5D5A9111CC}.Release|Any CPU.ActiveCfg = Release|Any CPU
		{C4EC6305-8683-445A-B583-CC5D5A9111CC}.Release|Any CPU.Build.0 = Release|Any CPU
		{C4EC6305-8683-445A-B583-CC5D5A9111CC}.Release|Any CPU.Deploy.0 = Release|Any CPU
		{C4EC6305-8683-445A-B583-CC5D5A9111CC}.Release|ARM.ActiveCfg = Release|Any CPU
		{C4EC6305-8683-445A-B583-CC5D5A9111CC}.Release|ARM.Build.0 = Release|Any CPU
		{C4EC6305-8683-445A-B583-CC5D5A9111CC}.Release|ARM.Deploy.0 = Release|Any CPU
		{C4EC6305-8683-445A-B583-CC5D5A9111CC}.Release|iPhone.ActiveCfg = Release|Any CPU
		{C4EC6305-8683-445A-B583-CC5D5A9111CC}.Release|iPhone.Build.0 = Release|Any CPU
		{C4EC6305-8683-445A-B583-CC5D5A9111CC}.Release|iPhone.Deploy.0 = Release|Any CPU
		{C4EC6305-8683-445A-B583-CC5D5A9111CC}.Release|iPhoneSimulator.ActiveCfg = Release|Any CPU
		{C4EC6305-8683-445A-B583-CC5D5A9111CC}.Release|iPhoneSimulator.Build.0 = Release|Any CPU
		{C4EC6305-8683-445A-B583-CC5D5A9111CC}.Release|iPhoneSimulator.Deploy.0 = Release|Any CPU
		{C4EC6305-8683-445A-B583-CC5D5A9111CC}.Release|x64.ActiveCfg = Release|Any CPU
		{C4EC6305-8683-445A-B583-CC5D5A9111CC}.Release|x64.Build.0 = Release|Any CPU
		{C4EC6305-8683-445A-B583-CC5D5A9111CC}.Release|x64.Deploy.0 = Release|Any CPU
		{C4EC6305-8683-445A-B583-CC5D5A9111CC}.Release|x86.ActiveCfg = Release|Any CPU
		{C4EC6305-8683-445A-B583-CC5D5A9111CC}.Release|x86.Build.0 = Release|Any CPU
		{C4EC6305-8683-445A-B583-CC5D5A9111CC}.Release|x86.Deploy.0 = Release|Any CPU
		{F5258714-BBF8-4A5C-B47E-E819250DB033}.Ad-Hoc|Any CPU.ActiveCfg = Ad-Hoc|iPhone
		{F5258714-BBF8-4A5C-B47E-E819250DB033}.Ad-Hoc|ARM.ActiveCfg = Ad-Hoc|iPhone
		{F5258714-BBF8-4A5C-B47E-E819250DB033}.Ad-Hoc|iPhone.ActiveCfg = Ad-Hoc|iPhone
		{F5258714-BBF8-4A5C-B47E-E819250DB033}.Ad-Hoc|iPhone.Build.0 = Ad-Hoc|iPhone
		{F5258714-BBF8-4A5C-B47E-E819250DB033}.Ad-Hoc|iPhoneSimulator.ActiveCfg = Ad-Hoc|iPhoneSimulator
		{F5258714-BBF8-4A5C-B47E-E819250DB033}.Ad-Hoc|iPhoneSimulator.Build.0 = Ad-Hoc|iPhoneSimulator
		{F5258714-BBF8-4A5C-B47E-E819250DB033}.Ad-Hoc|x64.ActiveCfg = Ad-Hoc|iPhone
		{F5258714-BBF8-4A5C-B47E-E819250DB033}.Ad-Hoc|x86.ActiveCfg = Ad-Hoc|iPhone
		{F5258714-BBF8-4A5C-B47E-E819250DB033}.AppStore|Any CPU.ActiveCfg = AppStore|iPhone
		{F5258714-BBF8-4A5C-B47E-E819250DB033}.AppStore|ARM.ActiveCfg = AppStore|iPhone
		{F5258714-BBF8-4A5C-B47E-E819250DB033}.AppStore|iPhone.ActiveCfg = AppStore|iPhone
		{F5258714-BBF8-4A5C-B47E-E819250DB033}.AppStore|iPhone.Build.0 = AppStore|iPhone
		{F5258714-BBF8-4A5C-B47E-E819250DB033}.AppStore|iPhoneSimulator.ActiveCfg = AppStore|iPhoneSimulator
		{F5258714-BBF8-4A5C-B47E-E819250DB033}.AppStore|iPhoneSimulator.Build.0 = AppStore|iPhoneSimulator
		{F5258714-BBF8-4A5C-B47E-E819250DB033}.AppStore|x64.ActiveCfg = AppStore|iPhone
		{F5258714-BBF8-4A5C-B47E-E819250DB033}.AppStore|x86.ActiveCfg = AppStore|iPhone
		{F5258714-BBF8-4A5C-B47E-E819250DB033}.Debug|Any CPU.ActiveCfg = Debug|iPhone
		{F5258714-BBF8-4A5C-B47E-E819250DB033}.Debug|ARM.ActiveCfg = Debug|iPhone
		{F5258714-BBF8-4A5C-B47E-E819250DB033}.Debug|iPhone.ActiveCfg = Debug|iPhone
		{F5258714-BBF8-4A5C-B47E-E819250DB033}.Debug|iPhone.Build.0 = Debug|iPhone
		{F5258714-BBF8-4A5C-B47E-E819250DB033}.Debug|iPhoneSimulator.ActiveCfg = Debug|iPhoneSimulator
		{F5258714-BBF8-4A5C-B47E-E819250DB033}.Debug|iPhoneSimulator.Build.0 = Debug|iPhoneSimulator
		{F5258714-BBF8-4A5C-B47E-E819250DB033}.Debug|x64.ActiveCfg = Debug|iPhone
		{F5258714-BBF8-4A5C-B47E-E819250DB033}.Debug|x86.ActiveCfg = Debug|iPhone
		{F5258714-BBF8-4A5C-B47E-E819250DB033}.Release|Any CPU.ActiveCfg = Release|iPhone
		{F5258714-BBF8-4A5C-B47E-E819250DB033}.Release|ARM.ActiveCfg = Release|iPhone
		{F5258714-BBF8-4A5C-B47E-E819250DB033}.Release|iPhone.ActiveCfg = Release|iPhone
		{F5258714-BBF8-4A5C-B47E-E819250DB033}.Release|iPhone.Build.0 = Release|iPhone
		{F5258714-BBF8-4A5C-B47E-E819250DB033}.Release|iPhoneSimulator.ActiveCfg = Release|iPhoneSimulator
		{F5258714-BBF8-4A5C-B47E-E819250DB033}.Release|iPhoneSimulator.Build.0 = Release|iPhoneSimulator
		{F5258714-BBF8-4A5C-B47E-E819250DB033}.Release|x64.ActiveCfg = Release|iPhone
		{F5258714-BBF8-4A5C-B47E-E819250DB033}.Release|x86.ActiveCfg = Release|iPhone
		{C446C8B1-BDC8-4EC1-9CC7-DF03871DA2AA}.Ad-Hoc|Any CPU.ActiveCfg = Release|Any CPU
		{C446C8B1-BDC8-4EC1-9CC7-DF03871DA2AA}.Ad-Hoc|Any CPU.Build.0 = Release|Any CPU
		{C446C8B1-BDC8-4EC1-9CC7-DF03871DA2AA}.Ad-Hoc|Any CPU.Deploy.0 = Release|Any CPU
		{C446C8B1-BDC8-4EC1-9CC7-DF03871DA2AA}.Ad-Hoc|ARM.ActiveCfg = Release|ARM
		{C446C8B1-BDC8-4EC1-9CC7-DF03871DA2AA}.Ad-Hoc|ARM.Build.0 = Release|ARM
		{C446C8B1-BDC8-4EC1-9CC7-DF03871DA2AA}.Ad-Hoc|ARM.Deploy.0 = Release|ARM
		{C446C8B1-BDC8-4EC1-9CC7-DF03871DA2AA}.Ad-Hoc|iPhone.ActiveCfg = Release|Any CPU
		{C446C8B1-BDC8-4EC1-9CC7-DF03871DA2AA}.Ad-Hoc|iPhone.Build.0 = Release|Any CPU
		{C446C8B1-BDC8-4EC1-9CC7-DF03871DA2AA}.Ad-Hoc|iPhone.Deploy.0 = Release|Any CPU
		{C446C8B1-BDC8-4EC1-9CC7-DF03871DA2AA}.Ad-Hoc|iPhoneSimulator.ActiveCfg = Release|Any CPU
		{C446C8B1-BDC8-4EC1-9CC7-DF03871DA2AA}.Ad-Hoc|iPhoneSimulator.Build.0 = Release|Any CPU
		{C446C8B1-BDC8-4EC1-9CC7-DF03871DA2AA}.Ad-Hoc|iPhoneSimulator.Deploy.0 = Release|Any CPU
		{C446C8B1-BDC8-4EC1-9CC7-DF03871DA2AA}.Ad-Hoc|x64.ActiveCfg = Release|Any CPU
		{C446C8B1-BDC8-4EC1-9CC7-DF03871DA2AA}.Ad-Hoc|x64.Build.0 = Release|Any CPU
		{C446C8B1-BDC8-4EC1-9CC7-DF03871DA2AA}.Ad-Hoc|x64.Deploy.0 = Release|Any CPU
		{C446C8B1-BDC8-4EC1-9CC7-DF03871DA2AA}.Ad-Hoc|x86.ActiveCfg = Release|x86
		{C446C8B1-BDC8-4EC1-9CC7-DF03871DA2AA}.Ad-Hoc|x86.Build.0 = Release|x86
		{C446C8B1-BDC8-4EC1-9CC7-DF03871DA2AA}.Ad-Hoc|x86.Deploy.0 = Release|x86
		{C446C8B1-BDC8-4EC1-9CC7-DF03871DA2AA}.AppStore|Any CPU.ActiveCfg = Release|Any CPU
		{C446C8B1-BDC8-4EC1-9CC7-DF03871DA2AA}.AppStore|Any CPU.Build.0 = Release|Any CPU
		{C446C8B1-BDC8-4EC1-9CC7-DF03871DA2AA}.AppStore|Any CPU.Deploy.0 = Release|Any CPU
		{C446C8B1-BDC8-4EC1-9CC7-DF03871DA2AA}.AppStore|ARM.ActiveCfg = Release|ARM
		{C446C8B1-BDC8-4EC1-9CC7-DF03871DA2AA}.AppStore|ARM.Build.0 = Release|ARM
		{C446C8B1-BDC8-4EC1-9CC7-DF03871DA2AA}.AppStore|ARM.Deploy.0 = Release|ARM
		{C446C8B1-BDC8-4EC1-9CC7-DF03871DA2AA}.AppStore|iPhone.ActiveCfg = Release|Any CPU
		{C446C8B1-BDC8-4EC1-9CC7-DF03871DA2AA}.AppStore|iPhone.Build.0 = Release|Any CPU
		{C446C8B1-BDC8-4EC1-9CC7-DF03871DA2AA}.AppStore|iPhone.Deploy.0 = Release|Any CPU
		{C446C8B1-BDC8-4EC1-9CC7-DF03871DA2AA}.AppStore|iPhoneSimulator.ActiveCfg = Release|Any CPU
		{C446C8B1-BDC8-4EC1-9CC7-DF03871DA2AA}.AppStore|iPhoneSimulator.Build.0 = Release|Any CPU
		{C446C8B1-BDC8-4EC1-9CC7-DF03871DA2AA}.AppStore|iPhoneSimulator.Deploy.0 = Release|Any CPU
		{C446C8B1-BDC8-4EC1-9CC7-DF03871DA2AA}.AppStore|x64.ActiveCfg = Release|Any CPU
		{C446C8B1-BDC8-4EC1-9CC7-DF03871DA2AA}.AppStore|x64.Build.0 = Release|Any CPU
		{C446C8B1-BDC8-4EC1-9CC7-DF03871DA2AA}.AppStore|x64.Deploy.0 = Release|Any CPU
		{C446C8B1-BDC8-4EC1-9CC7-DF03871DA2AA}.AppStore|x86.ActiveCfg = Release|x86
		{C446C8B1-BDC8-4EC1-9CC7-DF03871DA2AA}.AppStore|x86.Build.0 = Release|x86
		{C446C8B1-BDC8-4EC1-9CC7-DF03871DA2AA}.AppStore|x86.Deploy.0 = Release|x86
		{C446C8B1-BDC8-4EC1-9CC7-DF03871DA2AA}.Debug|Any CPU.ActiveCfg = Debug|Any CPU
		{C446C8B1-BDC8-4EC1-9CC7-DF03871DA2AA}.Debug|Any CPU.Build.0 = Debug|Any CPU
		{C446C8B1-BDC8-4EC1-9CC7-DF03871DA2AA}.Debug|Any CPU.Deploy.0 = Debug|Any CPU
		{C446C8B1-BDC8-4EC1-9CC7-DF03871DA2AA}.Debug|ARM.ActiveCfg = Debug|ARM
		{C446C8B1-BDC8-4EC1-9CC7-DF03871DA2AA}.Debug|ARM.Build.0 = Debug|ARM
		{C446C8B1-BDC8-4EC1-9CC7-DF03871DA2AA}.Debug|ARM.Deploy.0 = Debug|ARM
		{C446C8B1-BDC8-4EC1-9CC7-DF03871DA2AA}.Debug|iPhone.ActiveCfg = Debug|Any CPU
		{C446C8B1-BDC8-4EC1-9CC7-DF03871DA2AA}.Debug|iPhone.Build.0 = Debug|Any CPU
		{C446C8B1-BDC8-4EC1-9CC7-DF03871DA2AA}.Debug|iPhone.Deploy.0 = Debug|Any CPU
		{C446C8B1-BDC8-4EC1-9CC7-DF03871DA2AA}.Debug|iPhoneSimulator.ActiveCfg = Debug|Any CPU
		{C446C8B1-BDC8-4EC1-9CC7-DF03871DA2AA}.Debug|iPhoneSimulator.Build.0 = Debug|Any CPU
		{C446C8B1-BDC8-4EC1-9CC7-DF03871DA2AA}.Debug|iPhoneSimulator.Deploy.0 = Debug|Any CPU
		{C446C8B1-BDC8-4EC1-9CC7-DF03871DA2AA}.Debug|x64.ActiveCfg = Debug|Any CPU
		{C446C8B1-BDC8-4EC1-9CC7-DF03871DA2AA}.Debug|x64.Build.0 = Debug|Any CPU
		{C446C8B1-BDC8-4EC1-9CC7-DF03871DA2AA}.Debug|x64.Deploy.0 = Debug|Any CPU
		{C446C8B1-BDC8-4EC1-9CC7-DF03871DA2AA}.Debug|x86.ActiveCfg = Debug|x86
		{C446C8B1-BDC8-4EC1-9CC7-DF03871DA2AA}.Debug|x86.Build.0 = Debug|x86
		{C446C8B1-BDC8-4EC1-9CC7-DF03871DA2AA}.Debug|x86.Deploy.0 = Debug|x86
		{C446C8B1-BDC8-4EC1-9CC7-DF03871DA2AA}.Release|Any CPU.ActiveCfg = Release|Any CPU
		{C446C8B1-BDC8-4EC1-9CC7-DF03871DA2AA}.Release|Any CPU.Build.0 = Release|Any CPU
		{C446C8B1-BDC8-4EC1-9CC7-DF03871DA2AA}.Release|Any CPU.Deploy.0 = Release|Any CPU
		{C446C8B1-BDC8-4EC1-9CC7-DF03871DA2AA}.Release|ARM.ActiveCfg = Release|ARM
		{C446C8B1-BDC8-4EC1-9CC7-DF03871DA2AA}.Release|ARM.Build.0 = Release|ARM
		{C446C8B1-BDC8-4EC1-9CC7-DF03871DA2AA}.Release|ARM.Deploy.0 = Release|ARM
		{C446C8B1-BDC8-4EC1-9CC7-DF03871DA2AA}.Release|iPhone.ActiveCfg = Release|Any CPU
		{C446C8B1-BDC8-4EC1-9CC7-DF03871DA2AA}.Release|iPhone.Build.0 = Release|Any CPU
		{C446C8B1-BDC8-4EC1-9CC7-DF03871DA2AA}.Release|iPhone.Deploy.0 = Release|Any CPU
		{C446C8B1-BDC8-4EC1-9CC7-DF03871DA2AA}.Release|iPhoneSimulator.ActiveCfg = Release|Any CPU
		{C446C8B1-BDC8-4EC1-9CC7-DF03871DA2AA}.Release|iPhoneSimulator.Build.0 = Release|Any CPU
		{C446C8B1-BDC8-4EC1-9CC7-DF03871DA2AA}.Release|iPhoneSimulator.Deploy.0 = Release|Any CPU
		{C446C8B1-BDC8-4EC1-9CC7-DF03871DA2AA}.Release|x64.ActiveCfg = Release|Any CPU
		{C446C8B1-BDC8-4EC1-9CC7-DF03871DA2AA}.Release|x64.Build.0 = Release|Any CPU
		{C446C8B1-BDC8-4EC1-9CC7-DF03871DA2AA}.Release|x64.Deploy.0 = Release|Any CPU
		{C446C8B1-BDC8-4EC1-9CC7-DF03871DA2AA}.Release|x86.ActiveCfg = Release|x86
		{C446C8B1-BDC8-4EC1-9CC7-DF03871DA2AA}.Release|x86.Build.0 = Release|x86
		{C446C8B1-BDC8-4EC1-9CC7-DF03871DA2AA}.Release|x86.Deploy.0 = Release|x86
		{53858E13-6541-4569-A4A4-0109779AA8FF}.Ad-Hoc|Any CPU.ActiveCfg = Release|x86
		{53858E13-6541-4569-A4A4-0109779AA8FF}.Ad-Hoc|Any CPU.Build.0 = Release|x86
		{53858E13-6541-4569-A4A4-0109779AA8FF}.Ad-Hoc|Any CPU.Deploy.0 = Release|x86
		{53858E13-6541-4569-A4A4-0109779AA8FF}.Ad-Hoc|ARM.ActiveCfg = Release|ARM
		{53858E13-6541-4569-A4A4-0109779AA8FF}.Ad-Hoc|ARM.Build.0 = Release|ARM
		{53858E13-6541-4569-A4A4-0109779AA8FF}.Ad-Hoc|ARM.Deploy.0 = Release|ARM
		{53858E13-6541-4569-A4A4-0109779AA8FF}.Ad-Hoc|iPhone.ActiveCfg = Release|x86
		{53858E13-6541-4569-A4A4-0109779AA8FF}.Ad-Hoc|iPhone.Build.0 = Release|x86
		{53858E13-6541-4569-A4A4-0109779AA8FF}.Ad-Hoc|iPhone.Deploy.0 = Release|x86
		{53858E13-6541-4569-A4A4-0109779AA8FF}.Ad-Hoc|iPhoneSimulator.ActiveCfg = Release|x86
		{53858E13-6541-4569-A4A4-0109779AA8FF}.Ad-Hoc|iPhoneSimulator.Build.0 = Release|x86
		{53858E13-6541-4569-A4A4-0109779AA8FF}.Ad-Hoc|iPhoneSimulator.Deploy.0 = Release|x86
		{53858E13-6541-4569-A4A4-0109779AA8FF}.Ad-Hoc|x64.ActiveCfg = Release|x64
		{53858E13-6541-4569-A4A4-0109779AA8FF}.Ad-Hoc|x64.Build.0 = Release|x64
		{53858E13-6541-4569-A4A4-0109779AA8FF}.Ad-Hoc|x64.Deploy.0 = Release|x64
		{53858E13-6541-4569-A4A4-0109779AA8FF}.Ad-Hoc|x86.ActiveCfg = Release|x86
		{53858E13-6541-4569-A4A4-0109779AA8FF}.Ad-Hoc|x86.Build.0 = Release|x86
		{53858E13-6541-4569-A4A4-0109779AA8FF}.Ad-Hoc|x86.Deploy.0 = Release|x86
		{53858E13-6541-4569-A4A4-0109779AA8FF}.AppStore|Any CPU.ActiveCfg = Release|x86
		{53858E13-6541-4569-A4A4-0109779AA8FF}.AppStore|Any CPU.Build.0 = Release|x86
		{53858E13-6541-4569-A4A4-0109779AA8FF}.AppStore|Any CPU.Deploy.0 = Release|x86
		{53858E13-6541-4569-A4A4-0109779AA8FF}.AppStore|ARM.ActiveCfg = Release|ARM
		{53858E13-6541-4569-A4A4-0109779AA8FF}.AppStore|ARM.Build.0 = Release|ARM
		{53858E13-6541-4569-A4A4-0109779AA8FF}.AppStore|ARM.Deploy.0 = Release|ARM
		{53858E13-6541-4569-A4A4-0109779AA8FF}.AppStore|iPhone.ActiveCfg = Release|x86
		{53858E13-6541-4569-A4A4-0109779AA8FF}.AppStore|iPhone.Build.0 = Release|x86
		{53858E13-6541-4569-A4A4-0109779AA8FF}.AppStore|iPhone.Deploy.0 = Release|x86
		{53858E13-6541-4569-A4A4-0109779AA8FF}.AppStore|iPhoneSimulator.ActiveCfg = Release|x86
		{53858E13-6541-4569-A4A4-0109779AA8FF}.AppStore|iPhoneSimulator.Build.0 = Release|x86
		{53858E13-6541-4569-A4A4-0109779AA8FF}.AppStore|iPhoneSimulator.Deploy.0 = Release|x86
		{53858E13-6541-4569-A4A4-0109779AA8FF}.AppStore|x64.ActiveCfg = Release|x64
		{53858E13-6541-4569-A4A4-0109779AA8FF}.AppStore|x64.Build.0 = Release|x64
		{53858E13-6541-4569-A4A4-0109779AA8FF}.AppStore|x64.Deploy.0 = Release|x64
		{53858E13-6541-4569-A4A4-0109779AA8FF}.AppStore|x86.ActiveCfg = Release|x86
		{53858E13-6541-4569-A4A4-0109779AA8FF}.AppStore|x86.Build.0 = Release|x86
		{53858E13-6541-4569-A4A4-0109779AA8FF}.AppStore|x86.Deploy.0 = Release|x86
		{53858E13-6541-4569-A4A4-0109779AA8FF}.Debug|Any CPU.ActiveCfg = Debug|x86
		{53858E13-6541-4569-A4A4-0109779AA8FF}.Debug|ARM.ActiveCfg = Debug|ARM
		{53858E13-6541-4569-A4A4-0109779AA8FF}.Debug|ARM.Build.0 = Debug|ARM
		{53858E13-6541-4569-A4A4-0109779AA8FF}.Debug|ARM.Deploy.0 = Debug|ARM
		{53858E13-6541-4569-A4A4-0109779AA8FF}.Debug|iPhone.ActiveCfg = Debug|x86
		{53858E13-6541-4569-A4A4-0109779AA8FF}.Debug|iPhoneSimulator.ActiveCfg = Debug|x86
		{53858E13-6541-4569-A4A4-0109779AA8FF}.Debug|iPhoneSimulator.Build.0 = Debug|x86
		{53858E13-6541-4569-A4A4-0109779AA8FF}.Debug|iPhoneSimulator.Deploy.0 = Debug|x86
		{53858E13-6541-4569-A4A4-0109779AA8FF}.Debug|x64.ActiveCfg = Debug|x64
		{53858E13-6541-4569-A4A4-0109779AA8FF}.Debug|x64.Build.0 = Debug|x64
		{53858E13-6541-4569-A4A4-0109779AA8FF}.Debug|x64.Deploy.0 = Debug|x64
		{53858E13-6541-4569-A4A4-0109779AA8FF}.Debug|x86.ActiveCfg = Debug|x86
		{53858E13-6541-4569-A4A4-0109779AA8FF}.Debug|x86.Build.0 = Debug|x86
		{53858E13-6541-4569-A4A4-0109779AA8FF}.Debug|x86.Deploy.0 = Debug|x86
		{53858E13-6541-4569-A4A4-0109779AA8FF}.Release|Any CPU.ActiveCfg = Release|x86
		{53858E13-6541-4569-A4A4-0109779AA8FF}.Release|ARM.ActiveCfg = Release|ARM
		{53858E13-6541-4569-A4A4-0109779AA8FF}.Release|ARM.Build.0 = Release|ARM
		{53858E13-6541-4569-A4A4-0109779AA8FF}.Release|ARM.Deploy.0 = Release|ARM
		{53858E13-6541-4569-A4A4-0109779AA8FF}.Release|iPhone.ActiveCfg = Release|x86
		{53858E13-6541-4569-A4A4-0109779AA8FF}.Release|iPhoneSimulator.ActiveCfg = Release|x86
		{53858E13-6541-4569-A4A4-0109779AA8FF}.Release|x64.ActiveCfg = Release|x64
		{53858E13-6541-4569-A4A4-0109779AA8FF}.Release|x64.Build.0 = Release|x64
		{53858E13-6541-4569-A4A4-0109779AA8FF}.Release|x64.Deploy.0 = Release|x64
		{53858E13-6541-4569-A4A4-0109779AA8FF}.Release|x86.ActiveCfg = Release|x86
		{53858E13-6541-4569-A4A4-0109779AA8FF}.Release|x86.Build.0 = Release|x86
		{53858E13-6541-4569-A4A4-0109779AA8FF}.Release|x86.Deploy.0 = Release|x86
		{A716E61F-1127-4B11-AABA-9D67C003D0FF}.Ad-Hoc|Any CPU.ActiveCfg = Release|Any CPU
		{A716E61F-1127-4B11-AABA-9D67C003D0FF}.Ad-Hoc|Any CPU.Build.0 = Release|Any CPU
		{A716E61F-1127-4B11-AABA-9D67C003D0FF}.Ad-Hoc|Any CPU.Deploy.0 = Release|Any CPU
		{A716E61F-1127-4B11-AABA-9D67C003D0FF}.Ad-Hoc|ARM.ActiveCfg = Release|ARM
		{A716E61F-1127-4B11-AABA-9D67C003D0FF}.Ad-Hoc|ARM.Build.0 = Release|ARM
		{A716E61F-1127-4B11-AABA-9D67C003D0FF}.Ad-Hoc|ARM.Deploy.0 = Release|ARM
		{A716E61F-1127-4B11-AABA-9D67C003D0FF}.Ad-Hoc|iPhone.ActiveCfg = Release|Any CPU
		{A716E61F-1127-4B11-AABA-9D67C003D0FF}.Ad-Hoc|iPhone.Build.0 = Release|Any CPU
		{A716E61F-1127-4B11-AABA-9D67C003D0FF}.Ad-Hoc|iPhone.Deploy.0 = Release|Any CPU
		{A716E61F-1127-4B11-AABA-9D67C003D0FF}.Ad-Hoc|iPhoneSimulator.ActiveCfg = Release|Any CPU
		{A716E61F-1127-4B11-AABA-9D67C003D0FF}.Ad-Hoc|iPhoneSimulator.Build.0 = Release|Any CPU
		{A716E61F-1127-4B11-AABA-9D67C003D0FF}.Ad-Hoc|iPhoneSimulator.Deploy.0 = Release|Any CPU
		{A716E61F-1127-4B11-AABA-9D67C003D0FF}.Ad-Hoc|x64.ActiveCfg = Release|x64
		{A716E61F-1127-4B11-AABA-9D67C003D0FF}.Ad-Hoc|x64.Build.0 = Release|x64
		{A716E61F-1127-4B11-AABA-9D67C003D0FF}.Ad-Hoc|x64.Deploy.0 = Release|x64
		{A716E61F-1127-4B11-AABA-9D67C003D0FF}.Ad-Hoc|x86.ActiveCfg = Release|x86
		{A716E61F-1127-4B11-AABA-9D67C003D0FF}.Ad-Hoc|x86.Build.0 = Release|x86
		{A716E61F-1127-4B11-AABA-9D67C003D0FF}.Ad-Hoc|x86.Deploy.0 = Release|x86
		{A716E61F-1127-4B11-AABA-9D67C003D0FF}.AppStore|Any CPU.ActiveCfg = Release|Any CPU
		{A716E61F-1127-4B11-AABA-9D67C003D0FF}.AppStore|Any CPU.Build.0 = Release|Any CPU
		{A716E61F-1127-4B11-AABA-9D67C003D0FF}.AppStore|Any CPU.Deploy.0 = Release|Any CPU
		{A716E61F-1127-4B11-AABA-9D67C003D0FF}.AppStore|ARM.ActiveCfg = Release|ARM
		{A716E61F-1127-4B11-AABA-9D67C003D0FF}.AppStore|ARM.Build.0 = Release|ARM
		{A716E61F-1127-4B11-AABA-9D67C003D0FF}.AppStore|ARM.Deploy.0 = Release|ARM
		{A716E61F-1127-4B11-AABA-9D67C003D0FF}.AppStore|iPhone.ActiveCfg = Release|Any CPU
		{A716E61F-1127-4B11-AABA-9D67C003D0FF}.AppStore|iPhone.Build.0 = Release|Any CPU
		{A716E61F-1127-4B11-AABA-9D67C003D0FF}.AppStore|iPhone.Deploy.0 = Release|Any CPU
		{A716E61F-1127-4B11-AABA-9D67C003D0FF}.AppStore|iPhoneSimulator.ActiveCfg = Release|Any CPU
		{A716E61F-1127-4B11-AABA-9D67C003D0FF}.AppStore|iPhoneSimulator.Build.0 = Release|Any CPU
		{A716E61F-1127-4B11-AABA-9D67C003D0FF}.AppStore|iPhoneSimulator.Deploy.0 = Release|Any CPU
		{A716E61F-1127-4B11-AABA-9D67C003D0FF}.AppStore|x64.ActiveCfg = Release|x64
		{A716E61F-1127-4B11-AABA-9D67C003D0FF}.AppStore|x64.Build.0 = Release|x64
		{A716E61F-1127-4B11-AABA-9D67C003D0FF}.AppStore|x64.Deploy.0 = Release|x64
		{A716E61F-1127-4B11-AABA-9D67C003D0FF}.AppStore|x86.ActiveCfg = Release|x86
		{A716E61F-1127-4B11-AABA-9D67C003D0FF}.AppStore|x86.Build.0 = Release|x86
		{A716E61F-1127-4B11-AABA-9D67C003D0FF}.AppStore|x86.Deploy.0 = Release|x86
		{A716E61F-1127-4B11-AABA-9D67C003D0FF}.Debug|Any CPU.ActiveCfg = Debug|Any CPU
		{A716E61F-1127-4B11-AABA-9D67C003D0FF}.Debug|Any CPU.Build.0 = Debug|Any CPU
		{A716E61F-1127-4B11-AABA-9D67C003D0FF}.Debug|Any CPU.Deploy.0 = Debug|Any CPU
		{A716E61F-1127-4B11-AABA-9D67C003D0FF}.Debug|ARM.ActiveCfg = Debug|ARM
		{A716E61F-1127-4B11-AABA-9D67C003D0FF}.Debug|ARM.Build.0 = Debug|ARM
		{A716E61F-1127-4B11-AABA-9D67C003D0FF}.Debug|ARM.Deploy.0 = Debug|ARM
		{A716E61F-1127-4B11-AABA-9D67C003D0FF}.Debug|iPhone.ActiveCfg = Debug|Any CPU
		{A716E61F-1127-4B11-AABA-9D67C003D0FF}.Debug|iPhone.Build.0 = Debug|Any CPU
		{A716E61F-1127-4B11-AABA-9D67C003D0FF}.Debug|iPhone.Deploy.0 = Debug|Any CPU
		{A716E61F-1127-4B11-AABA-9D67C003D0FF}.Debug|iPhoneSimulator.ActiveCfg = Debug|Any CPU
		{A716E61F-1127-4B11-AABA-9D67C003D0FF}.Debug|iPhoneSimulator.Build.0 = Debug|Any CPU
		{A716E61F-1127-4B11-AABA-9D67C003D0FF}.Debug|iPhoneSimulator.Deploy.0 = Debug|Any CPU
		{A716E61F-1127-4B11-AABA-9D67C003D0FF}.Debug|x64.ActiveCfg = Debug|x64
		{A716E61F-1127-4B11-AABA-9D67C003D0FF}.Debug|x64.Build.0 = Debug|x64
		{A716E61F-1127-4B11-AABA-9D67C003D0FF}.Debug|x64.Deploy.0 = Debug|x64
		{A716E61F-1127-4B11-AABA-9D67C003D0FF}.Debug|x86.ActiveCfg = Debug|x86
		{A716E61F-1127-4B11-AABA-9D67C003D0FF}.Debug|x86.Build.0 = Debug|x86
		{A716E61F-1127-4B11-AABA-9D67C003D0FF}.Debug|x86.Deploy.0 = Debug|x86
		{A716E61F-1127-4B11-AABA-9D67C003D0FF}.Release|Any CPU.ActiveCfg = Release|Any CPU
		{A716E61F-1127-4B11-AABA-9D67C003D0FF}.Release|Any CPU.Build.0 = Release|Any CPU
		{A716E61F-1127-4B11-AABA-9D67C003D0FF}.Release|Any CPU.Deploy.0 = Release|Any CPU
		{A716E61F-1127-4B11-AABA-9D67C003D0FF}.Release|ARM.ActiveCfg = Release|ARM
		{A716E61F-1127-4B11-AABA-9D67C003D0FF}.Release|ARM.Build.0 = Release|ARM
		{A716E61F-1127-4B11-AABA-9D67C003D0FF}.Release|ARM.Deploy.0 = Release|ARM
		{A716E61F-1127-4B11-AABA-9D67C003D0FF}.Release|iPhone.ActiveCfg = Release|Any CPU
		{A716E61F-1127-4B11-AABA-9D67C003D0FF}.Release|iPhone.Build.0 = Release|Any CPU
		{A716E61F-1127-4B11-AABA-9D67C003D0FF}.Release|iPhone.Deploy.0 = Release|Any CPU
		{A716E61F-1127-4B11-AABA-9D67C003D0FF}.Release|iPhoneSimulator.ActiveCfg = Release|Any CPU
		{A716E61F-1127-4B11-AABA-9D67C003D0FF}.Release|iPhoneSimulator.Build.0 = Release|Any CPU
		{A716E61F-1127-4B11-AABA-9D67C003D0FF}.Release|iPhoneSimulator.Deploy.0 = Release|Any CPU
		{A716E61F-1127-4B11-AABA-9D67C003D0FF}.Release|x64.ActiveCfg = Release|x64
		{A716E61F-1127-4B11-AABA-9D67C003D0FF}.Release|x64.Build.0 = Release|x64
		{A716E61F-1127-4B11-AABA-9D67C003D0FF}.Release|x64.Deploy.0 = Release|x64
		{A716E61F-1127-4B11-AABA-9D67C003D0FF}.Release|x86.ActiveCfg = Release|x86
		{A716E61F-1127-4B11-AABA-9D67C003D0FF}.Release|x86.Build.0 = Release|x86
		{A716E61F-1127-4B11-AABA-9D67C003D0FF}.Release|x86.Deploy.0 = Release|x86
		{4EF6CED4-A4A1-4B17-BF90-FA0A807DCA5D}.Ad-Hoc|Any CPU.ActiveCfg = Release|Any CPU
		{4EF6CED4-A4A1-4B17-BF90-FA0A807DCA5D}.Ad-Hoc|Any CPU.Build.0 = Release|Any CPU
		{4EF6CED4-A4A1-4B17-BF90-FA0A807DCA5D}.Ad-Hoc|ARM.ActiveCfg = Release|Any CPU
		{4EF6CED4-A4A1-4B17-BF90-FA0A807DCA5D}.Ad-Hoc|ARM.Build.0 = Release|Any CPU
		{4EF6CED4-A4A1-4B17-BF90-FA0A807DCA5D}.Ad-Hoc|iPhone.ActiveCfg = Release|Any CPU
		{4EF6CED4-A4A1-4B17-BF90-FA0A807DCA5D}.Ad-Hoc|iPhone.Build.0 = Release|Any CPU
		{4EF6CED4-A4A1-4B17-BF90-FA0A807DCA5D}.Ad-Hoc|iPhoneSimulator.ActiveCfg = Release|Any CPU
		{4EF6CED4-A4A1-4B17-BF90-FA0A807DCA5D}.Ad-Hoc|iPhoneSimulator.Build.0 = Release|Any CPU
		{4EF6CED4-A4A1-4B17-BF90-FA0A807DCA5D}.Ad-Hoc|x64.ActiveCfg = Release|Any CPU
		{4EF6CED4-A4A1-4B17-BF90-FA0A807DCA5D}.Ad-Hoc|x64.Build.0 = Release|Any CPU
		{4EF6CED4-A4A1-4B17-BF90-FA0A807DCA5D}.Ad-Hoc|x86.ActiveCfg = Release|Any CPU
		{4EF6CED4-A4A1-4B17-BF90-FA0A807DCA5D}.Ad-Hoc|x86.Build.0 = Release|Any CPU
		{4EF6CED4-A4A1-4B17-BF90-FA0A807DCA5D}.AppStore|Any CPU.ActiveCfg = Release|Any CPU
		{4EF6CED4-A4A1-4B17-BF90-FA0A807DCA5D}.AppStore|Any CPU.Build.0 = Release|Any CPU
		{4EF6CED4-A4A1-4B17-BF90-FA0A807DCA5D}.AppStore|ARM.ActiveCfg = Release|Any CPU
		{4EF6CED4-A4A1-4B17-BF90-FA0A807DCA5D}.AppStore|ARM.Build.0 = Release|Any CPU
		{4EF6CED4-A4A1-4B17-BF90-FA0A807DCA5D}.AppStore|iPhone.ActiveCfg = Release|Any CPU
		{4EF6CED4-A4A1-4B17-BF90-FA0A807DCA5D}.AppStore|iPhone.Build.0 = Release|Any CPU
		{4EF6CED4-A4A1-4B17-BF90-FA0A807DCA5D}.AppStore|iPhoneSimulator.ActiveCfg = Release|Any CPU
		{4EF6CED4-A4A1-4B17-BF90-FA0A807DCA5D}.AppStore|iPhoneSimulator.Build.0 = Release|Any CPU
		{4EF6CED4-A4A1-4B17-BF90-FA0A807DCA5D}.AppStore|x64.ActiveCfg = Release|Any CPU
		{4EF6CED4-A4A1-4B17-BF90-FA0A807DCA5D}.AppStore|x64.Build.0 = Release|Any CPU
		{4EF6CED4-A4A1-4B17-BF90-FA0A807DCA5D}.AppStore|x86.ActiveCfg = Release|Any CPU
		{4EF6CED4-A4A1-4B17-BF90-FA0A807DCA5D}.AppStore|x86.Build.0 = Release|Any CPU
		{4EF6CED4-A4A1-4B17-BF90-FA0A807DCA5D}.Debug|Any CPU.ActiveCfg = Debug|Any CPU
		{4EF6CED4-A4A1-4B17-BF90-FA0A807DCA5D}.Debug|Any CPU.Build.0 = Debug|Any CPU
		{4EF6CED4-A4A1-4B17-BF90-FA0A807DCA5D}.Debug|ARM.ActiveCfg = Debug|Any CPU
		{4EF6CED4-A4A1-4B17-BF90-FA0A807DCA5D}.Debug|ARM.Build.0 = Debug|Any CPU
		{4EF6CED4-A4A1-4B17-BF90-FA0A807DCA5D}.Debug|iPhone.ActiveCfg = Debug|Any CPU
		{4EF6CED4-A4A1-4B17-BF90-FA0A807DCA5D}.Debug|iPhone.Build.0 = Debug|Any CPU
		{4EF6CED4-A4A1-4B17-BF90-FA0A807DCA5D}.Debug|iPhoneSimulator.ActiveCfg = Debug|Any CPU
		{4EF6CED4-A4A1-4B17-BF90-FA0A807DCA5D}.Debug|iPhoneSimulator.Build.0 = Debug|Any CPU
		{4EF6CED4-A4A1-4B17-BF90-FA0A807DCA5D}.Debug|x64.ActiveCfg = Debug|Any CPU
		{4EF6CED4-A4A1-4B17-BF90-FA0A807DCA5D}.Debug|x64.Build.0 = Debug|Any CPU
		{4EF6CED4-A4A1-4B17-BF90-FA0A807DCA5D}.Debug|x86.ActiveCfg = Debug|Any CPU
		{4EF6CED4-A4A1-4B17-BF90-FA0A807DCA5D}.Debug|x86.Build.0 = Debug|Any CPU
		{4EF6CED4-A4A1-4B17-BF90-FA0A807DCA5D}.Release|Any CPU.ActiveCfg = Release|Any CPU
		{4EF6CED4-A4A1-4B17-BF90-FA0A807DCA5D}.Release|Any CPU.Build.0 = Release|Any CPU
		{4EF6CED4-A4A1-4B17-BF90-FA0A807DCA5D}.Release|ARM.ActiveCfg = Release|Any CPU
		{4EF6CED4-A4A1-4B17-BF90-FA0A807DCA5D}.Release|ARM.Build.0 = Release|Any CPU
		{4EF6CED4-A4A1-4B17-BF90-FA0A807DCA5D}.Release|iPhone.ActiveCfg = Release|Any CPU
		{4EF6CED4-A4A1-4B17-BF90-FA0A807DCA5D}.Release|iPhone.Build.0 = Release|Any CPU
		{4EF6CED4-A4A1-4B17-BF90-FA0A807DCA5D}.Release|iPhoneSimulator.ActiveCfg = Release|Any CPU
		{4EF6CED4-A4A1-4B17-BF90-FA0A807DCA5D}.Release|iPhoneSimulator.Build.0 = Release|Any CPU
		{4EF6CED4-A4A1-4B17-BF90-FA0A807DCA5D}.Release|x64.ActiveCfg = Release|Any CPU
		{4EF6CED4-A4A1-4B17-BF90-FA0A807DCA5D}.Release|x64.Build.0 = Release|Any CPU
		{4EF6CED4-A4A1-4B17-BF90-FA0A807DCA5D}.Release|x86.ActiveCfg = Release|Any CPU
		{4EF6CED4-A4A1-4B17-BF90-FA0A807DCA5D}.Release|x86.Build.0 = Release|Any CPU
	EndGlobalSection
	GlobalSection(SolutionProperties) = preSolution
		HideSolutionNode = FALSE
	EndGlobalSection
EndGlobal
